// !$*UTF8*$!
{
	archiveVersion = 1;
	classes = {
	};
	objectVersion = 50;
	objects = {

/* Begin PBXBuildFile section */
		4E02D9472690D59800A84DB7 /* Backdrop_Coding_ChallengeApp.swift in Sources */ = {isa = PBXBuildFile; fileRef = 4E02D9462690D59800A84DB7 /* Backdrop_Coding_ChallengeApp.swift */; };
		4E02D94B2690D59900A84DB7 /* Assets.xcassets in Resources */ = {isa = PBXBuildFile; fileRef = 4E02D94A2690D59900A84DB7 /* Assets.xcassets */; };
		4E02D94E2690D59900A84DB7 /* Preview Assets.xcassets in Resources */ = {isa = PBXBuildFile; fileRef = 4E02D94D2690D59900A84DB7 /* Preview Assets.xcassets */; };
		4E02D9562692483A00A84DB7 /* CatListView.swift in Sources */ = {isa = PBXBuildFile; fileRef = 4E02D9552692483A00A84DB7 /* CatListView.swift */; };
		4E02D958269248EF00A84DB7 /* CatItem.swift in Sources */ = {isa = PBXBuildFile; fileRef = 4E02D957269248EF00A84DB7 /* CatItem.swift */; };
		4E02D95B269252DE00A84DB7 /* Cat.swift in Sources */ = {isa = PBXBuildFile; fileRef = 4E02D95A269252DE00A84DB7 /* Cat.swift */; };
		4E02D95D269253BA00A84DB7 /* cats.json in Resources */ = {isa = PBXBuildFile; fileRef = 4E02D95C269253BA00A84DB7 /* cats.json */; };
		4E02D95F2692547C00A84DB7 /* Data.swift in Sources */ = {isa = PBXBuildFile; fileRef = 4E02D95E2692547C00A84DB7 /* Data.swift */; };
		4E02D96126933F3500A84DB7 /* LikedCatListView.swift in Sources */ = {isa = PBXBuildFile; fileRef = 4E02D96026933F3500A84DB7 /* LikedCatListView.swift */; };
		4E02D963269345DE00A84DB7 /* LikedCatItem.swift in Sources */ = {isa = PBXBuildFile; fileRef = 4E02D962269345DE00A84DB7 /* LikedCatItem.swift */; };
		4E832B24269461A2009F5BA5 /* HomeTabView.swift in Sources */ = {isa = PBXBuildFile; fileRef = 4E832B23269461A2009F5BA5 /* HomeTabView.swift */; };
		4E832B292694860B009F5BA5 /* CatModel.swift in Sources */ = {isa = PBXBuildFile; fileRef = 4E832B282694860B009F5BA5 /* CatModel.swift */; };
		4E832B3026949331009F5BA5 /* ImageProvider.swift in Sources */ = {isa = PBXBuildFile; fileRef = 4E832B2F26949331009F5BA5 /* ImageProvider.swift */; };
		4E832B3226949535009F5BA5 /* ImageLoader.swift in Sources */ = {isa = PBXBuildFile; fileRef = 4E832B3126949535009F5BA5 /* ImageLoader.swift */; };
		4EEF8D402695E758006F82CD /* APIServiceError.swift in Sources */ = {isa = PBXBuildFile; fileRef = 4EEF8D3F2695E758006F82CD /* APIServiceError.swift */; };
		4EEF8D4D26972038006F82CD /* CatListViewModel.swift in Sources */ = {isa = PBXBuildFile; fileRef = 4EEF8D4C26972038006F82CD /* CatListViewModel.swift */; };
		4EEF8D4F26972083006F82CD /* CatBreedNetworkRequest.swift in Sources */ = {isa = PBXBuildFile; fileRef = 4EEF8D4E26972083006F82CD /* CatBreedNetworkRequest.swift */; };
		4EEF8D51269722F2006F82CD /* URLBuilder.swift in Sources */ = {isa = PBXBuildFile; fileRef = 4EEF8D50269722F2006F82CD /* URLBuilder.swift */; };
		4EEF8D5926982E7E006F82CD /* LikedCatsDatabase.xcdatamodeld in Sources */ = {isa = PBXBuildFile; fileRef = 4EEF8D5726982E7E006F82CD /* LikedCatsDatabase.xcdatamodeld */; };
		4EEF8D5E26987B3F006F82CD /* PersistenceController.swift in Sources */ = {isa = PBXBuildFile; fileRef = 4EEF8D5D26987B3F006F82CD /* PersistenceController.swift */; };
		4EEF8D602698C664006F82CD /* CatItemViewModel.swift in Sources */ = {isa = PBXBuildFile; fileRef = 4EEF8D5F2698C664006F82CD /* CatItemViewModel.swift */; };
		4EEF8D622698C686006F82CD /* LikedCatItemViewModel.swift in Sources */ = {isa = PBXBuildFile; fileRef = 4EEF8D612698C686006F82CD /* LikedCatItemViewModel.swift */; };
/* End PBXBuildFile section */

/* Begin PBXFileReference section */
		4E02D9432690D59800A84DB7 /* Backdrop-Coding-Challenge.app */ = {isa = PBXFileReference; explicitFileType = wrapper.application; includeInIndex = 0; path = "Backdrop-Coding-Challenge.app"; sourceTree = BUILT_PRODUCTS_DIR; };
		4E02D9462690D59800A84DB7 /* Backdrop_Coding_ChallengeApp.swift */ = {isa = PBXFileReference; lastKnownFileType = sourcecode.swift; path = Backdrop_Coding_ChallengeApp.swift; sourceTree = "<group>"; };
		4E02D94A2690D59900A84DB7 /* Assets.xcassets */ = {isa = PBXFileReference; lastKnownFileType = folder.assetcatalog; path = Assets.xcassets; sourceTree = "<group>"; };
		4E02D94D2690D59900A84DB7 /* Preview Assets.xcassets */ = {isa = PBXFileReference; lastKnownFileType = folder.assetcatalog; path = "Preview Assets.xcassets"; sourceTree = "<group>"; };
		4E02D94F2690D59900A84DB7 /* Info.plist */ = {isa = PBXFileReference; lastKnownFileType = text.plist.xml; path = Info.plist; sourceTree = "<group>"; };
		4E02D9552692483A00A84DB7 /* CatListView.swift */ = {isa = PBXFileReference; lastKnownFileType = sourcecode.swift; path = CatListView.swift; sourceTree = "<group>"; };
		4E02D957269248EF00A84DB7 /* CatItem.swift */ = {isa = PBXFileReference; lastKnownFileType = sourcecode.swift; path = CatItem.swift; sourceTree = "<group>"; };
		4E02D95A269252DE00A84DB7 /* Cat.swift */ = {isa = PBXFileReference; lastKnownFileType = sourcecode.swift; path = Cat.swift; sourceTree = "<group>"; };
		4E02D95C269253BA00A84DB7 /* cats.json */ = {isa = PBXFileReference; fileEncoding = 4; lastKnownFileType = text.json; path = cats.json; sourceTree = "<group>"; };
		4E02D95E2692547C00A84DB7 /* Data.swift */ = {isa = PBXFileReference; fileEncoding = 4; lastKnownFileType = sourcecode.swift; path = Data.swift; sourceTree = "<group>"; };
		4E02D96026933F3500A84DB7 /* LikedCatListView.swift */ = {isa = PBXFileReference; lastKnownFileType = sourcecode.swift; path = LikedCatListView.swift; sourceTree = "<group>"; };
		4E02D962269345DE00A84DB7 /* LikedCatItem.swift */ = {isa = PBXFileReference; lastKnownFileType = sourcecode.swift; path = LikedCatItem.swift; sourceTree = "<group>"; };
		4E832B23269461A2009F5BA5 /* HomeTabView.swift */ = {isa = PBXFileReference; lastKnownFileType = sourcecode.swift; path = HomeTabView.swift; sourceTree = "<group>"; };
		4E832B282694860B009F5BA5 /* CatModel.swift */ = {isa = PBXFileReference; lastKnownFileType = sourcecode.swift; path = CatModel.swift; sourceTree = "<group>"; };
		4E832B2F26949331009F5BA5 /* ImageProvider.swift */ = {isa = PBXFileReference; lastKnownFileType = sourcecode.swift; path = ImageProvider.swift; sourceTree = "<group>"; };
		4E832B3126949535009F5BA5 /* ImageLoader.swift */ = {isa = PBXFileReference; lastKnownFileType = sourcecode.swift; path = ImageLoader.swift; sourceTree = "<group>"; };
		4EEF8D3F2695E758006F82CD /* APIServiceError.swift */ = {isa = PBXFileReference; lastKnownFileType = sourcecode.swift; path = APIServiceError.swift; sourceTree = "<group>"; };
		4EEF8D4C26972038006F82CD /* CatListViewModel.swift */ = {isa = PBXFileReference; lastKnownFileType = sourcecode.swift; path = CatListViewModel.swift; sourceTree = "<group>"; };
		4EEF8D4E26972083006F82CD /* CatBreedNetworkRequest.swift */ = {isa = PBXFileReference; lastKnownFileType = sourcecode.swift; path = CatBreedNetworkRequest.swift; sourceTree = "<group>"; };
		4EEF8D50269722F2006F82CD /* URLBuilder.swift */ = {isa = PBXFileReference; lastKnownFileType = sourcecode.swift; path = URLBuilder.swift; sourceTree = "<group>"; };
		4EEF8D5826982E7E006F82CD /* LikedCatsDatabase.xcdatamodel */ = {isa = PBXFileReference; lastKnownFileType = wrapper.xcdatamodel; path = LikedCatsDatabase.xcdatamodel; sourceTree = "<group>"; };
		4EEF8D5D26987B3F006F82CD /* PersistenceController.swift */ = {isa = PBXFileReference; lastKnownFileType = sourcecode.swift; path = PersistenceController.swift; sourceTree = "<group>"; };
		4EEF8D5F2698C664006F82CD /* CatItemViewModel.swift */ = {isa = PBXFileReference; lastKnownFileType = sourcecode.swift; path = CatItemViewModel.swift; sourceTree = "<group>"; };
		4EEF8D612698C686006F82CD /* LikedCatItemViewModel.swift */ = {isa = PBXFileReference; lastKnownFileType = sourcecode.swift; path = LikedCatItemViewModel.swift; sourceTree = "<group>"; };
/* End PBXFileReference section */

/* Begin PBXFrameworksBuildPhase section */
		4E02D9402690D59800A84DB7 /* Frameworks */ = {
			isa = PBXFrameworksBuildPhase;
			buildActionMask = 2147483647;
			files = (
			);
			runOnlyForDeploymentPostprocessing = 0;
		};
/* End PBXFrameworksBuildPhase section */

/* Begin PBXGroup section */
		4E02D93A2690D59800A84DB7 = {
			isa = PBXGroup;
			children = (
				4E02D9452690D59800A84DB7 /* Backdrop-Coding-Challenge */,
				4E02D9442690D59800A84DB7 /* Products */,
			);
			sourceTree = "<group>";
		};
		4E02D9442690D59800A84DB7 /* Products */ = {
			isa = PBXGroup;
			children = (
				4E02D9432690D59800A84DB7 /* Backdrop-Coding-Challenge.app */,
			);
			name = Products;
			sourceTree = "<group>";
		};
		4E02D9452690D59800A84DB7 /* Backdrop-Coding-Challenge */ = {
			isa = PBXGroup;
			children = (
				4EEF8D5226982DF8006F82CD /* database */,
				4EEF8D362695D44A006F82CD /* view */,
				4EEF8D352695D41D006F82CD /* viewModel */,
				4E832B2E2694931C009F5BA5 /* services */,
				4E832B27269484A9009F5BA5 /* model */,
				4E02D9592692523F00A84DB7 /* tempModel */,
				4E02D9462690D59800A84DB7 /* Backdrop_Coding_ChallengeApp.swift */,
				4E02D94A2690D59900A84DB7 /* Assets.xcassets */,
				4E02D94F2690D59900A84DB7 /* Info.plist */,
				4E02D95C269253BA00A84DB7 /* cats.json */,
				4E02D94C2690D59900A84DB7 /* Preview Content */,
			);
			path = "Backdrop-Coding-Challenge";
			sourceTree = "<group>";
		};
		4E02D94C2690D59900A84DB7 /* Preview Content */ = {
			isa = PBXGroup;
			children = (
				4E02D94D2690D59900A84DB7 /* Preview Assets.xcassets */,
			);
			path = "Preview Content";
			sourceTree = "<group>";
		};
		4E02D9592692523F00A84DB7 /* tempModel */ = {
			isa = PBXGroup;
			children = (
				4E02D95E2692547C00A84DB7 /* Data.swift */,
				4E02D95A269252DE00A84DB7 /* Cat.swift */,
			);
			path = tempModel;
			sourceTree = "<group>";
		};
		4E832B27269484A9009F5BA5 /* model */ = {
			isa = PBXGroup;
			children = (
				4E832B282694860B009F5BA5 /* CatModel.swift */,
			);
			path = model;
			sourceTree = "<group>";
		};
		4E832B2E2694931C009F5BA5 /* services */ = {
			isa = PBXGroup;
			children = (
				4EEF8D50269722F2006F82CD /* URLBuilder.swift */,
				4EEF8D4526960666006F82CD /* imageDownloader */,
				4EEF8D3E2695E745006F82CD /* api */,
			);
			path = services;
			sourceTree = "<group>";
		};
		4EEF8D352695D41D006F82CD /* viewModel */ = {
			isa = PBXGroup;
			children = (
				4EEF8D5A26983928006F82CD /* likedCatList */,
				4EEF8D392695D7EC006F82CD /* catList */,
			);
			path = viewModel;
			sourceTree = "<group>";
		};
		4EEF8D362695D44A006F82CD /* view */ = {
			isa = PBXGroup;
			children = (
				4E832B23269461A2009F5BA5 /* HomeTabView.swift */,
				4EEF8D382695D4CA006F82CD /* likedCatList */,
				4EEF8D372695D475006F82CD /* catList */,
			);
			path = view;
			sourceTree = "<group>";
		};
		4EEF8D372695D475006F82CD /* catList */ = {
			isa = PBXGroup;
			children = (
				4E02D9552692483A00A84DB7 /* CatListView.swift */,
				4E02D957269248EF00A84DB7 /* CatItem.swift */,
			);
			path = catList;
			sourceTree = "<group>";
		};
		4EEF8D382695D4CA006F82CD /* likedCatList */ = {
			isa = PBXGroup;
			children = (
				4E02D96026933F3500A84DB7 /* LikedCatListView.swift */,
				4E02D962269345DE00A84DB7 /* LikedCatItem.swift */,
			);
			path = likedCatList;
			sourceTree = "<group>";
		};
		4EEF8D392695D7EC006F82CD /* catList */ = {
			isa = PBXGroup;
			children = (
				4EEF8D4C26972038006F82CD /* CatListViewModel.swift */,
				4EEF8D5F2698C664006F82CD /* CatItemViewModel.swift */,
			);
			path = catList;
			sourceTree = "<group>";
		};
		4EEF8D3E2695E745006F82CD /* api */ = {
			isa = PBXGroup;
			children = (
				4EEF8D3F2695E758006F82CD /* APIServiceError.swift */,
				4EEF8D4E26972083006F82CD /* CatBreedNetworkRequest.swift */,
			);
			path = api;
			sourceTree = "<group>";
		};
		4EEF8D4526960666006F82CD /* imageDownloader */ = {
			isa = PBXGroup;
			children = (
				4E832B3126949535009F5BA5 /* ImageLoader.swift */,
				4E832B2F26949331009F5BA5 /* ImageProvider.swift */,
			);
			path = imageDownloader;
			sourceTree = "<group>";
		};
		4EEF8D5226982DF8006F82CD /* database */ = {
			isa = PBXGroup;
			children = (
				4EEF8D5726982E7E006F82CD /* LikedCatsDatabase.xcdatamodeld */,
				4EEF8D5D26987B3F006F82CD /* PersistenceController.swift */,
			);
			path = database;
			sourceTree = "<group>";
		};
		4EEF8D5A26983928006F82CD /* likedCatList */ = {
			isa = PBXGroup;
			children = (
				4EEF8D612698C686006F82CD /* LikedCatItemViewModel.swift */,
			);
			path = likedCatList;
			sourceTree = "<group>";
		};
/* End PBXGroup section */

/* Begin PBXNativeTarget section */
		4E02D9422690D59800A84DB7 /* Backdrop-Coding-Challenge */ = {
			isa = PBXNativeTarget;
			buildConfigurationList = 4E02D9522690D59900A84DB7 /* Build configuration list for PBXNativeTarget "Backdrop-Coding-Challenge" */;
			buildPhases = (
				4E02D93F2690D59800A84DB7 /* Sources */,
				4E02D9402690D59800A84DB7 /* Frameworks */,
				4E02D9412690D59800A84DB7 /* Resources */,
			);
			buildRules = (
			);
			dependencies = (
			);
			name = "Backdrop-Coding-Challenge";
			productName = "Backdrop-Coding-Challenge";
			productReference = 4E02D9432690D59800A84DB7 /* Backdrop-Coding-Challenge.app */;
			productType = "com.apple.product-type.application";
		};
/* End PBXNativeTarget section */

/* Begin PBXProject section */
		4E02D93B2690D59800A84DB7 /* Project object */ = {
			isa = PBXProject;
			attributes = {
				LastSwiftUpdateCheck = 1250;
				LastUpgradeCheck = 1250;
				TargetAttributes = {
					4E02D9422690D59800A84DB7 = {
						CreatedOnToolsVersion = 12.5.1;
					};
				};
			};
			buildConfigurationList = 4E02D93E2690D59800A84DB7 /* Build configuration list for PBXProject "Backdrop-Coding-Challenge" */;
			compatibilityVersion = "Xcode 9.3";
			developmentRegion = en;
			hasScannedForEncodings = 0;
			knownRegions = (
				en,
				Base,
			);
			mainGroup = 4E02D93A2690D59800A84DB7;
			productRefGroup = 4E02D9442690D59800A84DB7 /* Products */;
			projectDirPath = "";
			projectRoot = "";
			targets = (
				4E02D9422690D59800A84DB7 /* Backdrop-Coding-Challenge */,
			);
		};
/* End PBXProject section */

/* Begin PBXResourcesBuildPhase section */
		4E02D9412690D59800A84DB7 /* Resources */ = {
			isa = PBXResourcesBuildPhase;
			buildActionMask = 2147483647;
			files = (
				4E02D94E2690D59900A84DB7 /* Preview Assets.xcassets in Resources */,
				4E02D94B2690D59900A84DB7 /* Assets.xcassets in Resources */,
				4E02D95D269253BA00A84DB7 /* cats.json in Resources */,
			);
			runOnlyForDeploymentPostprocessing = 0;
		};
/* End PBXResourcesBuildPhase section */

/* Begin PBXSourcesBuildPhase section */
		4E02D93F2690D59800A84DB7 /* Sources */ = {
			isa = PBXSourcesBuildPhase;
			buildActionMask = 2147483647;
			files = (
				4EEF8D602698C664006F82CD /* CatItemViewModel.swift in Sources */,
				4E02D96126933F3500A84DB7 /* LikedCatListView.swift in Sources */,
				4EEF8D4F26972083006F82CD /* CatBreedNetworkRequest.swift in Sources */,
				4EEF8D4D26972038006F82CD /* CatListViewModel.swift in Sources */,
				4EEF8D402695E758006F82CD /* APIServiceError.swift in Sources */,
				4EEF8D51269722F2006F82CD /* URLBuilder.swift in Sources */,
				4EEF8D622698C686006F82CD /* LikedCatItemViewModel.swift in Sources */,
				4E02D963269345DE00A84DB7 /* LikedCatItem.swift in Sources */,
				4E832B3226949535009F5BA5 /* ImageLoader.swift in Sources */,
				4E02D95B269252DE00A84DB7 /* Cat.swift in Sources */,
				4E02D95F2692547C00A84DB7 /* Data.swift in Sources */,
				4EEF8D5E26987B3F006F82CD /* PersistenceController.swift in Sources */,
				4E02D9472690D59800A84DB7 /* Backdrop_Coding_ChallengeApp.swift in Sources */,
				4E832B3026949331009F5BA5 /* ImageProvider.swift in Sources */,
				4E02D9562692483A00A84DB7 /* CatListView.swift in Sources */,
				4E02D958269248EF00A84DB7 /* CatItem.swift in Sources */,
				4E832B292694860B009F5BA5 /* CatModel.swift in Sources */,
				4E832B24269461A2009F5BA5 /* HomeTabView.swift in Sources */,
				4EEF8D5926982E7E006F82CD /* LikedCatsDatabase.xcdatamodeld in Sources */,
			);
			runOnlyForDeploymentPostprocessing = 0;
		};
/* End PBXSourcesBuildPhase section */

/* Begin XCBuildConfiguration section */
		4E02D9502690D59900A84DB7 /* Debug */ = {
			isa = XCBuildConfiguration;
			buildSettings = {
				ALWAYS_SEARCH_USER_PATHS = NO;
				CLANG_ANALYZER_NONNULL = YES;
				CLANG_ANALYZER_NUMBER_OBJECT_CONVERSION = YES_AGGRESSIVE;
				CLANG_CXX_LANGUAGE_STANDARD = "gnu++14";
				CLANG_CXX_LIBRARY = "libc++";
				CLANG_ENABLE_MODULES = YES;
				CLANG_ENABLE_OBJC_ARC = YES;
				CLANG_ENABLE_OBJC_WEAK = YES;
				CLANG_WARN_BLOCK_CAPTURE_AUTORELEASING = YES;
				CLANG_WARN_BOOL_CONVERSION = YES;
				CLANG_WARN_COMMA = YES;
				CLANG_WARN_CONSTANT_CONVERSION = YES;
				CLANG_WARN_DEPRECATED_OBJC_IMPLEMENTATIONS = YES;
				CLANG_WARN_DIRECT_OBJC_ISA_USAGE = YES_ERROR;
				CLANG_WARN_DOCUMENTATION_COMMENTS = YES;
				CLANG_WARN_EMPTY_BODY = YES;
				CLANG_WARN_ENUM_CONVERSION = YES;
				CLANG_WARN_INFINITE_RECURSION = YES;
				CLANG_WARN_INT_CONVERSION = YES;
				CLANG_WARN_NON_LITERAL_NULL_CONVERSION = YES;
				CLANG_WARN_OBJC_IMPLICIT_RETAIN_SELF = YES;
				CLANG_WARN_OBJC_LITERAL_CONVERSION = YES;
				CLANG_WARN_OBJC_ROOT_CLASS = YES_ERROR;
				CLANG_WARN_QUOTED_INCLUDE_IN_FRAMEWORK_HEADER = YES;
				CLANG_WARN_RANGE_LOOP_ANALYSIS = YES;
				CLANG_WARN_STRICT_PROTOTYPES = YES;
				CLANG_WARN_SUSPICIOUS_MOVE = YES;
				CLANG_WARN_UNGUARDED_AVAILABILITY = YES_AGGRESSIVE;
				CLANG_WARN_UNREACHABLE_CODE = YES;
				CLANG_WARN__DUPLICATE_METHOD_MATCH = YES;
				COPY_PHASE_STRIP = NO;
				DEBUG_INFORMATION_FORMAT = dwarf;
				ENABLE_STRICT_OBJC_MSGSEND = YES;
				ENABLE_TESTABILITY = YES;
				GCC_C_LANGUAGE_STANDARD = gnu11;
				GCC_DYNAMIC_NO_PIC = NO;
				GCC_NO_COMMON_BLOCKS = YES;
				GCC_OPTIMIZATION_LEVEL = 0;
				GCC_PREPROCESSOR_DEFINITIONS = (
					"DEBUG=1",
					"$(inherited)",
				);
				GCC_WARN_64_TO_32_BIT_CONVERSION = YES;
				GCC_WARN_ABOUT_RETURN_TYPE = YES_ERROR;
				GCC_WARN_UNDECLARED_SELECTOR = YES;
				GCC_WARN_UNINITIALIZED_AUTOS = YES_AGGRESSIVE;
				GCC_WARN_UNUSED_FUNCTION = YES;
				GCC_WARN_UNUSED_VARIABLE = YES;
				IPHONEOS_DEPLOYMENT_TARGET = 14.5;
				MTL_ENABLE_DEBUG_INFO = INCLUDE_SOURCE;
				MTL_FAST_MATH = YES;
				ONLY_ACTIVE_ARCH = YES;
				SDKROOT = iphoneos;
				SWIFT_ACTIVE_COMPILATION_CONDITIONS = DEBUG;
				SWIFT_OPTIMIZATION_LEVEL = "-Onone";
			};
			name = Debug;
		};
		4E02D9512690D59900A84DB7 /* Release */ = {
			isa = XCBuildConfiguration;
			buildSettings = {
				ALWAYS_SEARCH_USER_PATHS = NO;
				CLANG_ANALYZER_NONNULL = YES;
				CLANG_ANALYZER_NUMBER_OBJECT_CONVERSION = YES_AGGRESSIVE;
				CLANG_CXX_LANGUAGE_STANDARD = "gnu++14";
				CLANG_CXX_LIBRARY = "libc++";
				CLANG_ENABLE_MODULES = YES;
				CLANG_ENABLE_OBJC_ARC = YES;
				CLANG_ENABLE_OBJC_WEAK = YES;
				CLANG_WARN_BLOCK_CAPTURE_AUTORELEASING = YES;
				CLANG_WARN_BOOL_CONVERSION = YES;
				CLANG_WARN_COMMA = YES;
				CLANG_WARN_CONSTANT_CONVERSION = YES;
				CLANG_WARN_DEPRECATED_OBJC_IMPLEMENTATIONS = YES;
				CLANG_WARN_DIRECT_OBJC_ISA_USAGE = YES_ERROR;
				CLANG_WARN_DOCUMENTATION_COMMENTS = YES;
				CLANG_WARN_EMPTY_BODY = YES;
				CLANG_WARN_ENUM_CONVERSION = YES;
				CLANG_WARN_INFINITE_RECURSION = YES;
				CLANG_WARN_INT_CONVERSION = YES;
				CLANG_WARN_NON_LITERAL_NULL_CONVERSION = YES;
				CLANG_WARN_OBJC_IMPLICIT_RETAIN_SELF = YES;
				CLANG_WARN_OBJC_LITERAL_CONVERSION = YES;
				CLANG_WARN_OBJC_ROOT_CLASS = YES_ERROR;
				CLANG_WARN_QUOTED_INCLUDE_IN_FRAMEWORK_HEADER = YES;
				CLANG_WARN_RANGE_LOOP_ANALYSIS = YES;
				CLANG_WARN_STRICT_PROTOTYPES = YES;
				CLANG_WARN_SUSPICIOUS_MOVE = YES;
				CLANG_WARN_UNGUARDED_AVAILABILITY = YES_AGGRESSIVE;
				CLANG_WARN_UNREACHABLE_CODE = YES;
				CLANG_WARN__DUPLICATE_METHOD_MATCH = YES;
				COPY_PHASE_STRIP = NO;
				DEBUG_INFORMATION_FORMAT = "dwarf-with-dsym";
				ENABLE_NS_ASSERTIONS = NO;
				ENABLE_STRICT_OBJC_MSGSEND = YES;
				GCC_C_LANGUAGE_STANDARD = gnu11;
				GCC_NO_COMMON_BLOCKS = YES;
				GCC_WARN_64_TO_32_BIT_CONVERSION = YES;
				GCC_WARN_ABOUT_RETURN_TYPE = YES_ERROR;
				GCC_WARN_UNDECLARED_SELECTOR = YES;
				GCC_WARN_UNINITIALIZED_AUTOS = YES_AGGRESSIVE;
				GCC_WARN_UNUSED_FUNCTION = YES;
				GCC_WARN_UNUSED_VARIABLE = YES;
				IPHONEOS_DEPLOYMENT_TARGET = 14.5;
				MTL_ENABLE_DEBUG_INFO = NO;
				MTL_FAST_MATH = YES;
				SDKROOT = iphoneos;
				SWIFT_COMPILATION_MODE = wholemodule;
				SWIFT_OPTIMIZATION_LEVEL = "-O";
				VALIDATE_PRODUCT = YES;
			};
			name = Release;
		};
		4E02D9532690D59900A84DB7 /* Debug */ = {
			isa = XCBuildConfiguration;
			buildSettings = {
				ASSETCATALOG_COMPILER_APPICON_NAME = AppIcon;
				ASSETCATALOG_COMPILER_GLOBAL_ACCENT_COLOR_NAME = AccentColor;
				CODE_SIGN_STYLE = Automatic;
				DEVELOPMENT_ASSET_PATHS = "\"Backdrop-Coding-Challenge/Preview Content\"";
				DEVELOPMENT_TEAM = V7FHXQ47S9;
				ENABLE_PREVIEWS = YES;
				INFOPLIST_FILE = "Backdrop-Coding-Challenge/Info.plist";
				IPHONEOS_DEPLOYMENT_TARGET = 14.0;
				LD_RUNPATH_SEARCH_PATHS = (
					"$(inherited)",
					"@executable_path/Frameworks",
				);
				PRODUCT_BUNDLE_IDENTIFIER = "Odin.Backdrop-Coding-Challenge";
				PRODUCT_NAME = "$(TARGET_NAME)";
				SWIFT_VERSION = 5.0;
				TARGETED_DEVICE_FAMILY = "1,2";
			};
			name = Debug;
		};
		4E02D9542690D59900A84DB7 /* Release */ = {
			isa = XCBuildConfiguration;
			buildSettings = {
				ASSETCATALOG_COMPILER_APPICON_NAME = AppIcon;
				ASSETCATALOG_COMPILER_GLOBAL_ACCENT_COLOR_NAME = AccentColor;
				CODE_SIGN_STYLE = Automatic;
				DEVELOPMENT_ASSET_PATHS = "\"Backdrop-Coding-Challenge/Preview Content\"";
				DEVELOPMENT_TEAM = V7FHXQ47S9;
				ENABLE_PREVIEWS = YES;
				INFOPLIST_FILE = "Backdrop-Coding-Challenge/Info.plist";
				IPHONEOS_DEPLOYMENT_TARGET = 14.0;
				LD_RUNPATH_SEARCH_PATHS = (
					"$(inherited)",
					"@executable_path/Frameworks",
				);
				PRODUCT_BUNDLE_IDENTIFIER = "Odin.Backdrop-Coding-Challenge";
				PRODUCT_NAME = "$(TARGET_NAME)";
				SWIFT_VERSION = 5.0;
				TARGETED_DEVICE_FAMILY = "1,2";
			};
			name = Release;
		};
/* End XCBuildConfiguration section */

/* Begin XCConfigurationList section */
		4E02D93E2690D59800A84DB7 /* Build configuration list for PBXProject "Backdrop-Coding-Challenge" */ = {
			isa = XCConfigurationList;
			buildConfigurations = (
				4E02D9502690D59900A84DB7 /* Debug */,
				4E02D9512690D59900A84DB7 /* Release */,
			);
			defaultConfigurationIsVisible = 0;
			defaultConfigurationName = Release;
		};
		4E02D9522690D59900A84DB7 /* Build configuration list for PBXNativeTarget "Backdrop-Coding-Challenge" */ = {
			isa = XCConfigurationList;
			buildConfigurations = (
				4E02D9532690D59900A84DB7 /* Debug */,
				4E02D9542690D59900A84DB7 /* Release */,
			);
			defaultConfigurationIsVisible = 0;
			defaultConfigurationName = Release;
		};
/* End XCConfigurationList section */

/* Begin XCVersionGroup section */
		4EEF8D5726982E7E006F82CD /* LikedCatsDatabase.xcdatamodeld */ = {
			isa = XCVersionGroup;
			children = (
				4EEF8D5826982E7E006F82CD /* LikedCatsDatabase.xcdatamodel */,
			);
			currentVersion = 4EEF8D5826982E7E006F82CD /* LikedCatsDatabase.xcdatamodel */;
			path = LikedCatsDatabase.xcdatamodeld;
			sourceTree = "<group>";
			versionGroupType = wrapper.xcdatamodel;
		};
/* End XCVersionGroup section */
	};
	rootObject = 4E02D93B2690D59800A84DB7 /* Project object */;
}
